
Microsoft Visual Studio Solution File, Format Version 12.00
# Visual Studio Version 17
VisualStudioVersion = 17.8.34408.163
MinimumVisualStudioVersion = 10.0.40219.1
Project("{FAE04EC0-301F-11D3-BF4B-00C04F79EFBC}") = "Bai2", "Bai2\Bai2.csproj", "{602323D8-18B3-4B02-B1AD-037F78FFC5DB}"
EndProject
Global
	GlobalSection(SolutionConfigurationPlatforms) = preSolution
		Debug|Any CPU = Debug|Any CPU
		Release|Any CPU = Release|Any CPU
	EndGlobalSection
	GlobalSection(ProjectConfigurationPlatforms) = postSolution
		{602323D8-18B3-4B02-B1AD-037F78FFC5DB}.Debug|Any CPU.ActiveCfg = Debug|Any CPU
		{602323D8-18B3-4B02-B1AD-037F78FFC5DB}.Debug|Any CPU.Build.0 = Debug|Any CPU
		{602323D8-18B3-4B02-B1AD-037F78FFC5DB}.Release|Any CPU.ActiveCfg = Release|Any CPU
		{602323D8-18B3-4B02-B1AD-037F78FFC5DB}.Release|Any CPU.Build.0 = Release|Any CPU
	EndGlobalSection
	GlobalSection(SolutionProperties) = preSolution
		HideSolutionNode = FALSE
	EndGlobalSection
	GlobalSection(ExtensibilityGlobals) = postSolution
		SolutionGuid = {BE0D77B5-0186-4A22-B259-89B2E8951AC0}
	EndGlobalSection
EndGlobal
